
Microsoft Visual Studio Solution File, Format Version 12.00
# Visual Studio Version 17
VisualStudioVersion = 17.3.32922.545
MinimumVisualStudioVersion = 10.0.40219.1
Project("{FAE04EC0-301F-11D3-BF4B-00C04F79EFBC}") = "Delivery2.0", "Delivery2.0\Delivery2.0.csproj", "{069FBB04-E064-42E4-A1CF-5B0A82E8150D}"
EndProject
Global
	GlobalSection(SolutionConfigurationPlatforms) = preSolution
		Debug|Any CPU = Debug|Any CPU
		Release|Any CPU = Release|Any CPU
	EndGlobalSection
	GlobalSection(ProjectConfigurationPlatforms) = postSolution
		{069FBB04-E064-42E4-A1CF-5B0A82E8150D}.Debug|Any CPU.ActiveCfg = Debug|Any CPU
		{069FBB04-E064-42E4-A1CF-5B0A82E8150D}.Debug|Any CPU.Build.0 = Debug|Any CPU
		{069FBB04-E064-42E4-A1CF-5B0A82E8150D}.Release|Any CPU.ActiveCfg = Release|Any CPU
		{069FBB04-E064-42E4-A1CF-5B0A82E8150D}.Release|Any CPU.Build.0 = Release|Any CPU
	EndGlobalSection
	GlobalSection(SolutionProperties) = preSolution
		HideSolutionNode = FALSE
	EndGlobalSection
	GlobalSection(ExtensibilityGlobals) = postSolution
		SolutionGuid = {3A155C08-33F1-410F-BA69-9827F9A8A874}
	EndGlobalSection
EndGlobal
